Microsoft Visual Studio Solution File, Format Version 12.00
# Visual Studio Version 17
VisualStudioVersion = 17.5.2.0
MinimumVisualStudioVersion = 10.0.40219.1
Project("{FAE04EC0-301F-11D3-BF4B-00C04F79EFBC}") = "josue", "josue\josue.csproj", "{D1BCE92F-B37D-CD58-B179-051BDB4474F7}"
EndProject
Global
	GlobalSection(SolutionConfigurationPlatforms) = preSolution
		Debug|Any CPU = Debug|Any CPU
		Release|Any CPU = Release|Any CPU
	EndGlobalSection
	GlobalSection(ProjectConfigurationPlatforms) = postSolution
		{D1BCE92F-B37D-CD58-B179-051BDB4474F7}.Debug|Any CPU.ActiveCfg = Debug|Any CPU
		{D1BCE92F-B37D-CD58-B179-051BDB4474F7}.Debug|Any CPU.Build.0 = Debug|Any CPU
		{D1BCE92F-B37D-CD58-B179-051BDB4474F7}.Release|Any CPU.ActiveCfg = Release|Any CPU
		{D1BCE92F-B37D-CD58-B179-051BDB4474F7}.Release|Any CPU.Build.0 = Release|Any CPU
	EndGlobalSection
	GlobalSection(SolutionProperties) = preSolution
		HideSolutionNode = FALSE
	EndGlobalSection
	GlobalSection(ExtensibilityGlobals) = postSolution
		SolutionGuid = {88A7D69B-9487-4C30-8B73-EEEACA8A45E6}
	EndGlobalSection
EndGlobal
